
Microsoft Visual Studio Solution File, Format Version 12.00
Project("{FAE04EC0-301F-11D3-BF4B-00C04F79EFBC}") = "CleaningRobotService.Web", "CleaningRobotService.Web\CleaningRobotService.Web.csproj", "{FC00661B-5976-4C24-82D3-1BE798DE9C38}"
EndProject
Global
	GlobalSection(SolutionConfigurationPlatforms) = preSolution
		Debug|Any CPU = Debug|Any CPU
		Release|Any CPU = Release|Any CPU
	EndGlobalSection
	GlobalSection(ProjectConfigurationPlatforms) = postSolution
		{FC00661B-5976-4C24-82D3-1BE798DE9C38}.Debug|Any CPU.ActiveCfg = Debug|Any CPU
		{FC00661B-5976-4C24-82D3-1BE798DE9C38}.Debug|Any CPU.Build.0 = Debug|Any CPU
		{FC00661B-5976-4C24-82D3-1BE798DE9C38}.Release|Any CPU.ActiveCfg = Release|Any CPU
		{FC00661B-5976-4C24-82D3-1BE798DE9C38}.Release|Any CPU.Build.0 = Release|Any CPU
	EndGlobalSection
EndGlobal
