
Microsoft Visual Studio Solution File, Format Version 12.00
Project("{FAE04EC0-301F-11D3-BF4B-00C04F79EFBC}") = "CleaningRobotService.Web", "CleaningRobotService.Web\CleaningRobotService.Web.csproj", "{FC00661B-5976-4C24-82D3-1BE798DE9C38}"
EndProject
Project("{FAE04EC0-301F-11D3-BF4B-00C04F79EFBC}") = "CleaningRobotService.Tests", "CleaningRobotService.Tests\CleaningRobotService.Tests.csproj", "{F3555886-E5CB-44B6-B8B0-2DE011002815}"
EndProject
Project("{FAE04EC0-301F-11D3-BF4B-00C04F79EFBC}") = "CleaningRobotService.Benchmarks", "CleaningRobotService.Benchmarks\CleaningRobotService.Benchmarks.csproj", "{0E9716EE-8EDD-4A06-B96E-033F7C406EBC}"
EndProject
Project("{FAE04EC0-301F-11D3-BF4B-00C04F79EFBC}") = "CleaningRobotService.Console", "CleaningRobotService.Console\CleaningRobotService.Console.csproj", "{3A120CC0-61B8-4183-85C0-11389894566E}"
EndProject
Project("{FAE04EC0-301F-11D3-BF4B-00C04F79EFBC}") = "CleaningRobotService.Common", "CleaningRobotService.Common\CleaningRobotService.Common.csproj", "{4C47C09E-C75A-4FFA-80A3-B096BADE8E66}"
EndProject
Project("{FAE04EC0-301F-11D3-BF4B-00C04F79EFBC}") = "CleaningRobotService.DataPersistence", "CleaningRobotService.DataPersistence\CleaningRobotService.DataPersistence.csproj", "{BB2C178A-7DA2-4E06-AA5D-218764AB1373}"
EndProject
Project("{FAE04EC0-301F-11D3-BF4B-00C04F79EFBC}") = "CleaningRobotService.BusinessLogic", "CleaningRobotService.BusinessLogic\CleaningRobotService.BusinessLogic.csproj", "{736124AA-71A1-48B1-BC4C-91924CDA2A89}"
EndProject
Project("{FAE04EC0-301F-11D3-BF4B-00C04F79EFBC}") = "CleaningRobotService.RobotCommander", "CleaningRobotService.RobotCommander\CleaningRobotService.RobotCommander.csproj", "{C9CB17F4-1CBB-4C0D-A1A9-66D7E816D172}"
EndProject
Project("{FAE04EC0-301F-11D3-BF4B-00C04F79EFBC}") = "CleaningRobotService.RobotCommander.Messages", "CleaningRobotService.RobotCommander.Messages\CleaningRobotService.RobotCommander.Messages.csproj", "{E73FC7DB-7C57-4FDF-A076-E73D4C526665}"
EndProject
Project("{FAE04EC0-301F-11D3-BF4B-00C04F79EFBC}") = "CleaningRobotService.Web.Messages", "CleaningRobotService.Web.Messages\CleaningRobotService.Web.Messages.csproj", "{46E1C5B6-405C-4B94-B239-5C35C2AC7C56}"
EndProject
Project("{FAE04EC0-301F-11D3-BF4B-00C04F79EFBC}") = "CleaningRobotService.Messenger", "CleaningRobotService.Messenger\CleaningRobotService.Messenger.csproj", "{941F0F4F-88F1-4AED-9884-A8AD6BC70A78}"
EndProject
Global
	GlobalSection(SolutionConfigurationPlatforms) = preSolution
		Debug|Any CPU = Debug|Any CPU
		Release|Any CPU = Release|Any CPU
	EndGlobalSection
	GlobalSection(ProjectConfigurationPlatforms) = postSolution
		{FC00661B-5976-4C24-82D3-1BE798DE9C38}.Debug|Any CPU.ActiveCfg = Debug|Any CPU
		{FC00661B-5976-4C24-82D3-1BE798DE9C38}.Debug|Any CPU.Build.0 = Debug|Any CPU
		{FC00661B-5976-4C24-82D3-1BE798DE9C38}.Release|Any CPU.ActiveCfg = Release|Any CPU
		{FC00661B-5976-4C24-82D3-1BE798DE9C38}.Release|Any CPU.Build.0 = Release|Any CPU
		{F3555886-E5CB-44B6-B8B0-2DE011002815}.Debug|Any CPU.ActiveCfg = Debug|Any CPU
		{F3555886-E5CB-44B6-B8B0-2DE011002815}.Debug|Any CPU.Build.0 = Debug|Any CPU
		{F3555886-E5CB-44B6-B8B0-2DE011002815}.Release|Any CPU.ActiveCfg = Release|Any CPU
		{F3555886-E5CB-44B6-B8B0-2DE011002815}.Release|Any CPU.Build.0 = Release|Any CPU
		{0E9716EE-8EDD-4A06-B96E-033F7C406EBC}.Debug|Any CPU.ActiveCfg = Debug|Any CPU
		{0E9716EE-8EDD-4A06-B96E-033F7C406EBC}.Debug|Any CPU.Build.0 = Debug|Any CPU
		{0E9716EE-8EDD-4A06-B96E-033F7C406EBC}.Release|Any CPU.ActiveCfg = Release|Any CPU
		{0E9716EE-8EDD-4A06-B96E-033F7C406EBC}.Release|Any CPU.Build.0 = Release|Any CPU
		{3A120CC0-61B8-4183-85C0-11389894566E}.Debug|Any CPU.ActiveCfg = Debug|Any CPU
		{3A120CC0-61B8-4183-85C0-11389894566E}.Debug|Any CPU.Build.0 = Debug|Any CPU
		{3A120CC0-61B8-4183-85C0-11389894566E}.Release|Any CPU.ActiveCfg = Release|Any CPU
		{3A120CC0-61B8-4183-85C0-11389894566E}.Release|Any CPU.Build.0 = Release|Any CPU
		{4C47C09E-C75A-4FFA-80A3-B096BADE8E66}.Debug|Any CPU.ActiveCfg = Debug|Any CPU
		{4C47C09E-C75A-4FFA-80A3-B096BADE8E66}.Debug|Any CPU.Build.0 = Debug|Any CPU
		{4C47C09E-C75A-4FFA-80A3-B096BADE8E66}.Release|Any CPU.ActiveCfg = Release|Any CPU
		{4C47C09E-C75A-4FFA-80A3-B096BADE8E66}.Release|Any CPU.Build.0 = Release|Any CPU
		{BB2C178A-7DA2-4E06-AA5D-218764AB1373}.Debug|Any CPU.ActiveCfg = Debug|Any CPU
		{BB2C178A-7DA2-4E06-AA5D-218764AB1373}.Debug|Any CPU.Build.0 = Debug|Any CPU
		{BB2C178A-7DA2-4E06-AA5D-218764AB1373}.Release|Any CPU.ActiveCfg = Release|Any CPU
		{BB2C178A-7DA2-4E06-AA5D-218764AB1373}.Release|Any CPU.Build.0 = Release|Any CPU
		{736124AA-71A1-48B1-BC4C-91924CDA2A89}.Debug|Any CPU.ActiveCfg = Debug|Any CPU
		{736124AA-71A1-48B1-BC4C-91924CDA2A89}.Debug|Any CPU.Build.0 = Debug|Any CPU
		{736124AA-71A1-48B1-BC4C-91924CDA2A89}.Release|Any CPU.ActiveCfg = Release|Any CPU
		{736124AA-71A1-48B1-BC4C-91924CDA2A89}.Release|Any CPU.Build.0 = Release|Any CPU
		{C9CB17F4-1CBB-4C0D-A1A9-66D7E816D172}.Debug|Any CPU.ActiveCfg = Debug|Any CPU
		{C9CB17F4-1CBB-4C0D-A1A9-66D7E816D172}.Debug|Any CPU.Build.0 = Debug|Any CPU
		{C9CB17F4-1CBB-4C0D-A1A9-66D7E816D172}.Release|Any CPU.ActiveCfg = Release|Any CPU
		{C9CB17F4-1CBB-4C0D-A1A9-66D7E816D172}.Release|Any CPU.Build.0 = Release|Any CPU
		{E73FC7DB-7C57-4FDF-A076-E73D4C526665}.Debug|Any CPU.ActiveCfg = Debug|Any CPU
		{E73FC7DB-7C57-4FDF-A076-E73D4C526665}.Debug|Any CPU.Build.0 = Debug|Any CPU
		{E73FC7DB-7C57-4FDF-A076-E73D4C526665}.Release|Any CPU.ActiveCfg = Release|Any CPU
		{E73FC7DB-7C57-4FDF-A076-E73D4C526665}.Release|Any CPU.Build.0 = Release|Any CPU
		{46E1C5B6-405C-4B94-B239-5C35C2AC7C56}.Debug|Any CPU.ActiveCfg = Debug|Any CPU
		{46E1C5B6-405C-4B94-B239-5C35C2AC7C56}.Debug|Any CPU.Build.0 = Debug|Any CPU
		{46E1C5B6-405C-4B94-B239-5C35C2AC7C56}.Release|Any CPU.ActiveCfg = Release|Any CPU
		{46E1C5B6-405C-4B94-B239-5C35C2AC7C56}.Release|Any CPU.Build.0 = Release|Any CPU
		{941F0F4F-88F1-4AED-9884-A8AD6BC70A78}.Debug|Any CPU.ActiveCfg = Debug|Any CPU
		{941F0F4F-88F1-4AED-9884-A8AD6BC70A78}.Debug|Any CPU.Build.0 = Debug|Any CPU
		{941F0F4F-88F1-4AED-9884-A8AD6BC70A78}.Release|Any CPU.ActiveCfg = Release|Any CPU
		{941F0F4F-88F1-4AED-9884-A8AD6BC70A78}.Release|Any CPU.Build.0 = Release|Any CPU
	EndGlobalSection
EndGlobal
